
Microsoft Visual Studio Solution File, Format Version 12.00
# Visual Studio 15
VisualStudioVersion = 15.0.27130.2027
MinimumVisualStudioVersion = 10.0.40219.1
Project("{8BC9CEB8-8B4A-11D0-8D11-00A0C91BC942}") = "FakeView", "FakeView\FakeView.vcxproj", "{AFA459CE-5B69-4E0A-9991-29D13F06B959}"
EndProject
Project("{FAE04EC0-301F-11D3-BF4B-00C04F79EFBC}") = "CivModel", "CivModel\CivModel.csproj", "{C9FD2F31-4C7A-461C-9095-D9AD5090B09B}"
EndProject
Project("{2150E333-8FDC-42A3-9474-1A3956D46DE8}") = "_ Solution Root", "_ Solution Root", "{C088E801-4A3A-4B5A-B275-5F8B9E339BA2}"
	ProjectSection(SolutionItems) = preProject
		.editorconfig = .editorconfig
		.gitattributes = .gitattributes
		.gitignore = .gitignore
		LICENSE = LICENSE
		README.md = README.md
	EndProjectSection
EndProject
Project("{FAE04EC0-301F-11D3-BF4B-00C04F79EFBC}") = "CivPresenter", "CivPresenter\CivPresenter.csproj", "{FE79D521-A9B9-425C-84C6-2F89FD5A9879}"
EndProject
Project("{FAE04EC0-301F-11D3-BF4B-00C04F79EFBC}") = "WinformView", "WinformView\WinformView.csproj", "{6A67CA54-36BB-4973-8B44-1316B4D6B54B}"
EndProject
Project("{2150E333-8FDC-42A3-9474-1A3956D46DE8}") = "CivModel extensions", "CivModel extensions", "{80D609BF-AE55-4880-9836-E3DD2BA26253}"
EndProject
Project("{FAE04EC0-301F-11D3-BF4B-00C04F79EFBC}") = "CivModel.Common", "CivModel.Common\CivModel.Common.csproj", "{19EC463E-A2C4-47C6-A0E6-BD0882E722B8}"
EndProject
Project("{2150E333-8FDC-42A3-9474-1A3956D46DE8}") = "docs", "docs", "{E74582AE-B8A5-4EB8-9C36-E877E3E07167}"
	ProjectSection(SolutionItems) = preProject
		docs\Coordinate System.pptx = docs\Coordinate System.pptx
	EndProjectSection
EndProject
Project("{FAE04EC0-301F-11D3-BF4B-00C04F79EFBC}") = "CivModel.Hwan", "CivModel.Hwan\CivModel.Hwan.csproj", "{257A17A7-E9DB-4D7B-8469-0B3AD9E91937}"
EndProject
Project("{FAE04EC0-301F-11D3-BF4B-00C04F79EFBC}") = "CivModel.Finno", "CivModel.Finno\CivModel.Finno.csproj", "{6A09EBC4-CF6D-4BA5-8710-E3D4E7F46EA5}"
EndProject
Project("{F2A71F9B-5D33-465A-A702-920D77279786}") = "CivModel.AI", "CivModel.AI\CivModel.AI.fsproj", "{0BD1BAED-AA59-4707-8DE5-BDDE4C28E3B2}"
EndProject
Project("{FAE04EC0-301F-11D3-BF4B-00C04F79EFBC}") = "CivModel.Quests", "CivModel.Quest\CivModel.Quests.csproj", "{C7375E51-CB93-4405-B82A-64508ED2959C}"
EndProject
Project("{FAE04EC0-301F-11D3-BF4B-00C04F79EFBC}") = "CivModel.Zap", "CivModel.Zap\CivModel.Zap.csproj", "{B6D55159-0ED4-41C6-94AE-8F1EB2B3B9F3}"
EndProject
Project("{2150E333-8FDC-42A3-9474-1A3956D46DE8}") = "_1 UnitTest", "_1 UnitTest", "{D8951F1B-B79D-4985-96E8-0107B3A094F7}"
EndProject
Project("{FAE04EC0-301F-11D3-BF4B-00C04F79EFBC}") = "CivModel.UnitTest", "CivModel.UnitTest\CivModel.UnitTest.csproj", "{0A56220E-0453-4161-A240-61692903DAF6}"
EndProject
Global
	GlobalSection(SolutionConfigurationPlatforms) = preSolution
		Debug|Any CPU = Debug|Any CPU
		Debug|x64 = Debug|x64
		Debug|x86 = Debug|x86
		Release|Any CPU = Release|Any CPU
		Release|x64 = Release|x64
		Release|x86 = Release|x86
	EndGlobalSection
	GlobalSection(ProjectConfigurationPlatforms) = postSolution
		{AFA459CE-5B69-4E0A-9991-29D13F06B959}.Debug|Any CPU.ActiveCfg = Debug|Win32
		{AFA459CE-5B69-4E0A-9991-29D13F06B959}.Debug|x64.ActiveCfg = Debug|x64
		{AFA459CE-5B69-4E0A-9991-29D13F06B959}.Debug|x64.Build.0 = Debug|x64
		{AFA459CE-5B69-4E0A-9991-29D13F06B959}.Debug|x86.ActiveCfg = Debug|Win32
		{AFA459CE-5B69-4E0A-9991-29D13F06B959}.Debug|x86.Build.0 = Debug|Win32
		{AFA459CE-5B69-4E0A-9991-29D13F06B959}.Release|Any CPU.ActiveCfg = Release|Win32
		{AFA459CE-5B69-4E0A-9991-29D13F06B959}.Release|x64.ActiveCfg = Release|x64
		{AFA459CE-5B69-4E0A-9991-29D13F06B959}.Release|x64.Build.0 = Release|x64
		{AFA459CE-5B69-4E0A-9991-29D13F06B959}.Release|x86.ActiveCfg = Release|Win32
		{AFA459CE-5B69-4E0A-9991-29D13F06B959}.Release|x86.Build.0 = Release|Win32
		{C9FD2F31-4C7A-461C-9095-D9AD5090B09B}.Debug|Any CPU.ActiveCfg = Debug|Any CPU
		{C9FD2F31-4C7A-461C-9095-D9AD5090B09B}.Debug|Any CPU.Build.0 = Debug|Any CPU
		{C9FD2F31-4C7A-461C-9095-D9AD5090B09B}.Debug|x64.ActiveCfg = Debug|Any CPU
		{C9FD2F31-4C7A-461C-9095-D9AD5090B09B}.Debug|x64.Build.0 = Debug|Any CPU
		{C9FD2F31-4C7A-461C-9095-D9AD5090B09B}.Debug|x86.ActiveCfg = Debug|Any CPU
		{C9FD2F31-4C7A-461C-9095-D9AD5090B09B}.Debug|x86.Build.0 = Debug|Any CPU
		{C9FD2F31-4C7A-461C-9095-D9AD5090B09B}.Release|Any CPU.ActiveCfg = Release|Any CPU
		{C9FD2F31-4C7A-461C-9095-D9AD5090B09B}.Release|Any CPU.Build.0 = Release|Any CPU
		{C9FD2F31-4C7A-461C-9095-D9AD5090B09B}.Release|x64.ActiveCfg = Release|Any CPU
		{C9FD2F31-4C7A-461C-9095-D9AD5090B09B}.Release|x64.Build.0 = Release|Any CPU
		{C9FD2F31-4C7A-461C-9095-D9AD5090B09B}.Release|x86.ActiveCfg = Release|Any CPU
		{C9FD2F31-4C7A-461C-9095-D9AD5090B09B}.Release|x86.Build.0 = Release|Any CPU
		{FE79D521-A9B9-425C-84C6-2F89FD5A9879}.Debug|Any CPU.ActiveCfg = Debug|Any CPU
		{FE79D521-A9B9-425C-84C6-2F89FD5A9879}.Debug|Any CPU.Build.0 = Debug|Any CPU
		{FE79D521-A9B9-425C-84C6-2F89FD5A9879}.Debug|x64.ActiveCfg = Debug|Any CPU
		{FE79D521-A9B9-425C-84C6-2F89FD5A9879}.Debug|x64.Build.0 = Debug|Any CPU
		{FE79D521-A9B9-425C-84C6-2F89FD5A9879}.Debug|x86.ActiveCfg = Debug|Any CPU
		{FE79D521-A9B9-425C-84C6-2F89FD5A9879}.Debug|x86.Build.0 = Debug|Any CPU
		{FE79D521-A9B9-425C-84C6-2F89FD5A9879}.Release|Any CPU.ActiveCfg = Release|Any CPU
		{FE79D521-A9B9-425C-84C6-2F89FD5A9879}.Release|Any CPU.Build.0 = Release|Any CPU
		{FE79D521-A9B9-425C-84C6-2F89FD5A9879}.Release|x64.ActiveCfg = Release|Any CPU
		{FE79D521-A9B9-425C-84C6-2F89FD5A9879}.Release|x64.Build.0 = Release|Any CPU
		{FE79D521-A9B9-425C-84C6-2F89FD5A9879}.Release|x86.ActiveCfg = Release|Any CPU
		{FE79D521-A9B9-425C-84C6-2F89FD5A9879}.Release|x86.Build.0 = Release|Any CPU
		{6A67CA54-36BB-4973-8B44-1316B4D6B54B}.Debug|Any CPU.ActiveCfg = Debug|Any CPU
		{6A67CA54-36BB-4973-8B44-1316B4D6B54B}.Debug|Any CPU.Build.0 = Debug|Any CPU
		{6A67CA54-36BB-4973-8B44-1316B4D6B54B}.Debug|x64.ActiveCfg = Debug|Any CPU
		{6A67CA54-36BB-4973-8B44-1316B4D6B54B}.Debug|x64.Build.0 = Debug|Any CPU
		{6A67CA54-36BB-4973-8B44-1316B4D6B54B}.Debug|x86.ActiveCfg = Debug|Any CPU
		{6A67CA54-36BB-4973-8B44-1316B4D6B54B}.Debug|x86.Build.0 = Debug|Any CPU
		{6A67CA54-36BB-4973-8B44-1316B4D6B54B}.Release|Any CPU.ActiveCfg = Release|Any CPU
		{6A67CA54-36BB-4973-8B44-1316B4D6B54B}.Release|Any CPU.Build.0 = Release|Any CPU
		{6A67CA54-36BB-4973-8B44-1316B4D6B54B}.Release|x64.ActiveCfg = Release|Any CPU
		{6A67CA54-36BB-4973-8B44-1316B4D6B54B}.Release|x64.Build.0 = Release|Any CPU
		{6A67CA54-36BB-4973-8B44-1316B4D6B54B}.Release|x86.ActiveCfg = Release|Any CPU
		{6A67CA54-36BB-4973-8B44-1316B4D6B54B}.Release|x86.Build.0 = Release|Any CPU
		{19EC463E-A2C4-47C6-A0E6-BD0882E722B8}.Debug|Any CPU.ActiveCfg = Debug|Any CPU
		{19EC463E-A2C4-47C6-A0E6-BD0882E722B8}.Debug|Any CPU.Build.0 = Debug|Any CPU
		{19EC463E-A2C4-47C6-A0E6-BD0882E722B8}.Debug|x64.ActiveCfg = Debug|Any CPU
		{19EC463E-A2C4-47C6-A0E6-BD0882E722B8}.Debug|x64.Build.0 = Debug|Any CPU
		{19EC463E-A2C4-47C6-A0E6-BD0882E722B8}.Debug|x86.ActiveCfg = Debug|Any CPU
		{19EC463E-A2C4-47C6-A0E6-BD0882E722B8}.Debug|x86.Build.0 = Debug|Any CPU
		{19EC463E-A2C4-47C6-A0E6-BD0882E722B8}.Release|Any CPU.ActiveCfg = Release|Any CPU
		{19EC463E-A2C4-47C6-A0E6-BD0882E722B8}.Release|Any CPU.Build.0 = Release|Any CPU
		{19EC463E-A2C4-47C6-A0E6-BD0882E722B8}.Release|x64.ActiveCfg = Release|Any CPU
		{19EC463E-A2C4-47C6-A0E6-BD0882E722B8}.Release|x64.Build.0 = Release|Any CPU
		{19EC463E-A2C4-47C6-A0E6-BD0882E722B8}.Release|x86.ActiveCfg = Release|Any CPU
		{19EC463E-A2C4-47C6-A0E6-BD0882E722B8}.Release|x86.Build.0 = Release|Any CPU
		{257A17A7-E9DB-4D7B-8469-0B3AD9E91937}.Debug|Any CPU.ActiveCfg = Debug|Any CPU
		{257A17A7-E9DB-4D7B-8469-0B3AD9E91937}.Debug|Any CPU.Build.0 = Debug|Any CPU
		{257A17A7-E9DB-4D7B-8469-0B3AD9E91937}.Debug|x64.ActiveCfg = Debug|Any CPU
		{257A17A7-E9DB-4D7B-8469-0B3AD9E91937}.Debug|x64.Build.0 = Debug|Any CPU
		{257A17A7-E9DB-4D7B-8469-0B3AD9E91937}.Debug|x86.ActiveCfg = Debug|Any CPU
		{257A17A7-E9DB-4D7B-8469-0B3AD9E91937}.Debug|x86.Build.0 = Debug|Any CPU
		{257A17A7-E9DB-4D7B-8469-0B3AD9E91937}.Release|Any CPU.ActiveCfg = Release|Any CPU
		{257A17A7-E9DB-4D7B-8469-0B3AD9E91937}.Release|Any CPU.Build.0 = Release|Any CPU
		{257A17A7-E9DB-4D7B-8469-0B3AD9E91937}.Release|x64.ActiveCfg = Release|Any CPU
		{257A17A7-E9DB-4D7B-8469-0B3AD9E91937}.Release|x64.Build.0 = Release|Any CPU
		{257A17A7-E9DB-4D7B-8469-0B3AD9E91937}.Release|x86.ActiveCfg = Release|Any CPU
		{257A17A7-E9DB-4D7B-8469-0B3AD9E91937}.Release|x86.Build.0 = Release|Any CPU
		{6A09EBC4-CF6D-4BA5-8710-E3D4E7F46EA5}.Debug|Any CPU.ActiveCfg = Debug|Any CPU
		{6A09EBC4-CF6D-4BA5-8710-E3D4E7F46EA5}.Debug|Any CPU.Build.0 = Debug|Any CPU
		{6A09EBC4-CF6D-4BA5-8710-E3D4E7F46EA5}.Debug|x64.ActiveCfg = Debug|Any CPU
		{6A09EBC4-CF6D-4BA5-8710-E3D4E7F46EA5}.Debug|x64.Build.0 = Debug|Any CPU
		{6A09EBC4-CF6D-4BA5-8710-E3D4E7F46EA5}.Debug|x86.ActiveCfg = Debug|Any CPU
		{6A09EBC4-CF6D-4BA5-8710-E3D4E7F46EA5}.Debug|x86.Build.0 = Debug|Any CPU
		{6A09EBC4-CF6D-4BA5-8710-E3D4E7F46EA5}.Release|Any CPU.ActiveCfg = Release|Any CPU
		{6A09EBC4-CF6D-4BA5-8710-E3D4E7F46EA5}.Release|Any CPU.Build.0 = Release|Any CPU
		{6A09EBC4-CF6D-4BA5-8710-E3D4E7F46EA5}.Release|x64.ActiveCfg = Release|Any CPU
		{6A09EBC4-CF6D-4BA5-8710-E3D4E7F46EA5}.Release|x64.Build.0 = Release|Any CPU
		{6A09EBC4-CF6D-4BA5-8710-E3D4E7F46EA5}.Release|x86.ActiveCfg = Release|Any CPU
		{6A09EBC4-CF6D-4BA5-8710-E3D4E7F46EA5}.Release|x86.Build.0 = Release|Any CPU
		{0BD1BAED-AA59-4707-8DE5-BDDE4C28E3B2}.Debug|Any CPU.ActiveCfg = Debug|Any CPU
		{0BD1BAED-AA59-4707-8DE5-BDDE4C28E3B2}.Debug|Any CPU.Build.0 = Debug|Any CPU
		{0BD1BAED-AA59-4707-8DE5-BDDE4C28E3B2}.Debug|x64.ActiveCfg = Debug|Any CPU
		{0BD1BAED-AA59-4707-8DE5-BDDE4C28E3B2}.Debug|x64.Build.0 = Debug|Any CPU
		{0BD1BAED-AA59-4707-8DE5-BDDE4C28E3B2}.Debug|x86.ActiveCfg = Debug|Any CPU
		{0BD1BAED-AA59-4707-8DE5-BDDE4C28E3B2}.Debug|x86.Build.0 = Debug|Any CPU
		{0BD1BAED-AA59-4707-8DE5-BDDE4C28E3B2}.Release|Any CPU.ActiveCfg = Release|Any CPU
		{0BD1BAED-AA59-4707-8DE5-BDDE4C28E3B2}.Release|Any CPU.Build.0 = Release|Any CPU
		{0BD1BAED-AA59-4707-8DE5-BDDE4C28E3B2}.Release|x64.ActiveCfg = Release|Any CPU
		{0BD1BAED-AA59-4707-8DE5-BDDE4C28E3B2}.Release|x64.Build.0 = Release|Any CPU
		{0BD1BAED-AA59-4707-8DE5-BDDE4C28E3B2}.Release|x86.ActiveCfg = Release|Any CPU
		{0BD1BAED-AA59-4707-8DE5-BDDE4C28E3B2}.Release|x86.Build.0 = Release|Any CPU
		{C7375E51-CB93-4405-B82A-64508ED2959C}.Debug|Any CPU.ActiveCfg = Debug|Any CPU
		{C7375E51-CB93-4405-B82A-64508ED2959C}.Debug|Any CPU.Build.0 = Debug|Any CPU
		{C7375E51-CB93-4405-B82A-64508ED2959C}.Debug|x64.ActiveCfg = Debug|Any CPU
		{C7375E51-CB93-4405-B82A-64508ED2959C}.Debug|x64.Build.0 = Debug|Any CPU
		{C7375E51-CB93-4405-B82A-64508ED2959C}.Debug|x86.ActiveCfg = Debug|Any CPU
		{C7375E51-CB93-4405-B82A-64508ED2959C}.Debug|x86.Build.0 = Debug|Any CPU
		{C7375E51-CB93-4405-B82A-64508ED2959C}.Release|Any CPU.ActiveCfg = Release|Any CPU
		{C7375E51-CB93-4405-B82A-64508ED2959C}.Release|Any CPU.Build.0 = Release|Any CPU
		{C7375E51-CB93-4405-B82A-64508ED2959C}.Release|x64.ActiveCfg = Release|Any CPU
		{C7375E51-CB93-4405-B82A-64508ED2959C}.Release|x64.Build.0 = Release|Any CPU
		{C7375E51-CB93-4405-B82A-64508ED2959C}.Release|x86.ActiveCfg = Release|Any CPU
		{C7375E51-CB93-4405-B82A-64508ED2959C}.Release|x86.Build.0 = Release|Any CPU
		{B6D55159-0ED4-41C6-94AE-8F1EB2B3B9F3}.Debug|Any CPU.ActiveCfg = Debug|Any CPU
		{B6D55159-0ED4-41C6-94AE-8F1EB2B3B9F3}.Debug|Any CPU.Build.0 = Debug|Any CPU
		{B6D55159-0ED4-41C6-94AE-8F1EB2B3B9F3}.Debug|x64.ActiveCfg = Debug|Any CPU
		{B6D55159-0ED4-41C6-94AE-8F1EB2B3B9F3}.Debug|x64.Build.0 = Debug|Any CPU
		{B6D55159-0ED4-41C6-94AE-8F1EB2B3B9F3}.Debug|x86.ActiveCfg = Debug|Any CPU
		{B6D55159-0ED4-41C6-94AE-8F1EB2B3B9F3}.Debug|x86.Build.0 = Debug|Any CPU
		{B6D55159-0ED4-41C6-94AE-8F1EB2B3B9F3}.Release|Any CPU.ActiveCfg = Release|Any CPU
		{B6D55159-0ED4-41C6-94AE-8F1EB2B3B9F3}.Release|Any CPU.Build.0 = Release|Any CPU
		{B6D55159-0ED4-41C6-94AE-8F1EB2B3B9F3}.Release|x64.ActiveCfg = Release|Any CPU
		{B6D55159-0ED4-41C6-94AE-8F1EB2B3B9F3}.Release|x64.Build.0 = Release|Any CPU
		{B6D55159-0ED4-41C6-94AE-8F1EB2B3B9F3}.Release|x86.ActiveCfg = Release|Any CPU
		{B6D55159-0ED4-41C6-94AE-8F1EB2B3B9F3}.Release|x86.Build.0 = Release|Any CPU
		{0A56220E-0453-4161-A240-61692903DAF6}.Debug|Any CPU.ActiveCfg = Debug|Any CPU
		{0A56220E-0453-4161-A240-61692903DAF6}.Debug|Any CPU.Build.0 = Debug|Any CPU
		{0A56220E-0453-4161-A240-61692903DAF6}.Debug|x64.ActiveCfg = Debug|Any CPU
		{0A56220E-0453-4161-A240-61692903DAF6}.Debug|x64.Build.0 = Debug|Any CPU
		{0A56220E-0453-4161-A240-61692903DAF6}.Debug|x86.ActiveCfg = Debug|Any CPU
		{0A56220E-0453-4161-A240-61692903DAF6}.Debug|x86.Build.0 = Debug|Any CPU
		{0A56220E-0453-4161-A240-61692903DAF6}.Release|Any CPU.ActiveCfg = Release|Any CPU
		{0A56220E-0453-4161-A240-61692903DAF6}.Release|Any CPU.Build.0 = Release|Any CPU
		{0A56220E-0453-4161-A240-61692903DAF6}.Release|x64.ActiveCfg = Release|Any CPU
		{0A56220E-0453-4161-A240-61692903DAF6}.Release|x64.Build.0 = Release|Any CPU
		{0A56220E-0453-4161-A240-61692903DAF6}.Release|x86.ActiveCfg = Release|Any CPU
		{0A56220E-0453-4161-A240-61692903DAF6}.Release|x86.Build.0 = Release|Any CPU
	EndGlobalSection
	GlobalSection(SolutionProperties) = preSolution
		HideSolutionNode = FALSE
	EndGlobalSection
	GlobalSection(NestedProjects) = preSolution
		{19EC463E-A2C4-47C6-A0E6-BD0882E722B8} = {80D609BF-AE55-4880-9836-E3DD2BA26253}
		{257A17A7-E9DB-4D7B-8469-0B3AD9E91937} = {80D609BF-AE55-4880-9836-E3DD2BA26253}
		{6A09EBC4-CF6D-4BA5-8710-E3D4E7F46EA5} = {80D609BF-AE55-4880-9836-E3DD2BA26253}
		{0BD1BAED-AA59-4707-8DE5-BDDE4C28E3B2} = {80D609BF-AE55-4880-9836-E3DD2BA26253}
		{C7375E51-CB93-4405-B82A-64508ED2959C} = {80D609BF-AE55-4880-9836-E3DD2BA26253}
		{B6D55159-0ED4-41C6-94AE-8F1EB2B3B9F3} = {80D609BF-AE55-4880-9836-E3DD2BA26253}
		{0A56220E-0453-4161-A240-61692903DAF6} = {D8951F1B-B79D-4985-96E8-0107B3A094F7}
	EndGlobalSection
	GlobalSection(ExtensibilityGlobals) = postSolution
		SolutionGuid = {DD936702-8420-428D-BEB2-CF750CE8A7D0}
	EndGlobalSection
EndGlobal
