
Microsoft Visual Studio Solution File, Format Version 12.00
# Visual Studio 15
VisualStudioVersion = 15.0.27130.2027
MinimumVisualStudioVersion = 10.0.40219.1
Project("{8BC9CEB8-8B4A-11D0-8D11-00A0C91BC942}") = "FakeView", "FakeView\FakeView.vcxproj", "{AFA459CE-5B69-4E0A-9991-29D13F06B959}"
EndProject
Project("{FAE04EC0-301F-11D3-BF4B-00C04F79EFBC}") = "CivModel", "CivModel\CivModel.csproj", "{C9FD2F31-4C7A-461C-9095-D9AD5090B09B}"
EndProject
Project("{2150E333-8FDC-42A3-9474-1A3956D46DE8}") = "_ Solution Root", "_ Solution Root", "{C088E801-4A3A-4B5A-B275-5F8B9E339BA2}"
	ProjectSection(SolutionItems) = preProject
		.editorconfig = .editorconfig
		.gitattributes = .gitattributes
		.gitignore = .gitignore
		LICENSE = LICENSE
		README.md = README.md
	EndProjectSection
EndProject
Project("{FAE04EC0-301F-11D3-BF4B-00C04F79EFBC}") = "CivPresenter", "CivPresenter\CivPresenter.csproj", "{FE79D521-A9B9-425C-84C6-2F89FD5A9879}"
EndProject
Project("{FAE04EC0-301F-11D3-BF4B-00C04F79EFBC}") = "WinformView", "WinformView\WinformView.csproj", "{6A67CA54-36BB-4973-8B44-1316B4D6B54B}"
EndProject
Project("{2150E333-8FDC-42A3-9474-1A3956D46DE8}") = "CivModel extensions", "CivModel extensions", "{80D609BF-AE55-4880-9836-E3DD2BA26253}"
EndProject
Project("{FAE04EC0-301F-11D3-BF4B-00C04F79EFBC}") = "CivModel.Common", "CivModel.Common\CivModel.Common.csproj", "{19EC463E-A2C4-47C6-A0E6-BD0882E722B8}"
EndProject
Project("{2150E333-8FDC-42A3-9474-1A3956D46DE8}") = "docs", "docs", "{E74582AE-B8A5-4EB8-9C36-E877E3E07167}"
	ProjectSection(SolutionItems) = preProject
		docs\Coordinate System.pptx = docs\Coordinate System.pptx
		docs\map.txt = docs\map.txt
	EndProjectSection
EndProject
Project("{FAE04EC0-301F-11D3-BF4B-00C04F79EFBC}") = "CivModel.Hwan", "CivModel.Hwan\CivModel.Hwan.csproj", "{257A17A7-E9DB-4D7B-8469-0B3AD9E91937}"
EndProject
Project("{FAE04EC0-301F-11D3-BF4B-00C04F79EFBC}") = "CivModel.Finno", "CivModel.Finno\CivModel.Finno.csproj", "{6A09EBC4-CF6D-4BA5-8710-E3D4E7F46EA5}"
EndProject
Project("{F2A71F9B-5D33-465A-A702-920D77279786}") = "CivModel.AI", "CivModel.AI\CivModel.AI.fsproj", "{0BD1BAED-AA59-4707-8DE5-BDDE4C28E3B2}"
EndProject
Project("{FAE04EC0-301F-11D3-BF4B-00C04F79EFBC}") = "CivModel.Quests", "CivModel.Quest\CivModel.Quests.csproj", "{C7375E51-CB93-4405-B82A-64508ED2959C}"
EndProject
Project("{FAE04EC0-301F-11D3-BF4B-00C04F79EFBC}") = "CivModel.Zap", "CivModel.Zap\CivModel.Zap.csproj", "{B6D55159-0ED4-41C6-94AE-8F1EB2B3B9F3}"
EndProject
Project("{2150E333-8FDC-42A3-9474-1A3956D46DE8}") = "_1 UnitTest", "_1 UnitTest", "{D8951F1B-B79D-4985-96E8-0107B3A094F7}"
EndProject
Project("{FAE04EC0-301F-11D3-BF4B-00C04F79EFBC}") = "CivModel.UnitTest", "CivModel.UnitTest\CivModel.UnitTest.csproj", "{0A56220E-0453-4161-A240-61692903DAF6}"
EndProject
Project("{F2A71F9B-5D33-465A-A702-920D77279786}") = "CivModel.Path", "CivModel.Path\CivModel.Path.fsproj", "{841006D0-E2E4-454C-8333-7F4A1C62FED1}"
EndProject
Project("{2150E333-8FDC-42A3-9474-1A3956D46DE8}") = "markdown", "markdown", "{14FB3CBE-954C-4B1A-BF14-C4F9376E0900}"
	ProjectSection(SolutionItems) = preProject
		docs\markdown\Events.md = docs\markdown\Events.md
		docs\markdown\FakeView-사용법.md = docs\markdown\FakeView-사용법.md
		docs\markdown\전투-매커니즘.md = docs\markdown\전투-매커니즘.md
	EndProjectSection
EndProject
Project("{2150E333-8FDC-42A3-9474-1A3956D46DE8}") = "_2 Library", "_2 Library", "{B23D9C3B-879E-4B27-9468-5A116D743A08}"
EndProject
Project("{FAE04EC0-301F-11D3-BF4B-00C04F79EFBC}") = "CivObservable", "CivObservable\CivObservable.csproj", "{76CC2C4F-12F3-4DD5-9ABB-8903A4954FD5}"
EndProject
Project("{FAE04EC0-301F-11D3-BF4B-00C04F79EFBC}") = "CivObservable.UnitTest", "CivObservable.UnitTest\CivObservable.UnitTest.csproj", "{201139EF-1B05-4352-8416-4B26A899DF98}"
EndProject
Project("{2150E333-8FDC-42A3-9474-1A3956D46DE8}") = "CivModel.AI", "CivModel.AI", "{DD6A41C8-C1EB-4062-83C1-96C9D7955DC8}"
EndProject
Project("{F2A71F9B-5D33-465A-A702-920D77279786}") = "CivModel.AI.Fuzzy", "CivModel.AI.Fuzzy\CivModel.AI.Fuzzy.fsproj", "{2A129AFB-249D-4D4C-8D7C-11BF64484573}"
EndProject
Global
	GlobalSection(SolutionConfigurationPlatforms) = preSolution
		Debug|Any CPU = Debug|Any CPU
		Debug|x64 = Debug|x64
		Debug|x86 = Debug|x86
		DebugCore|Any CPU = DebugCore|Any CPU
		DebugCore|x64 = DebugCore|x64
		DebugCore|x86 = DebugCore|x86
		Release|Any CPU = Release|Any CPU
		Release|x64 = Release|x64
		Release|x86 = Release|x86
	EndGlobalSection
	GlobalSection(ProjectConfigurationPlatforms) = postSolution
		{AFA459CE-5B69-4E0A-9991-29D13F06B959}.Debug|Any CPU.ActiveCfg = Debug|Win32
		{AFA459CE-5B69-4E0A-9991-29D13F06B959}.Debug|x64.ActiveCfg = Debug|x64
		{AFA459CE-5B69-4E0A-9991-29D13F06B959}.Debug|x64.Build.0 = Debug|x64
		{AFA459CE-5B69-4E0A-9991-29D13F06B959}.Debug|x86.ActiveCfg = Debug|Win32
		{AFA459CE-5B69-4E0A-9991-29D13F06B959}.Debug|x86.Build.0 = Debug|Win32
		{AFA459CE-5B69-4E0A-9991-29D13F06B959}.DebugCore|Any CPU.ActiveCfg = DebugCore|Win32
		{AFA459CE-5B69-4E0A-9991-29D13F06B959}.DebugCore|x64.ActiveCfg = DebugCore|x64
		{AFA459CE-5B69-4E0A-9991-29D13F06B959}.DebugCore|x64.Build.0 = DebugCore|x64
		{AFA459CE-5B69-4E0A-9991-29D13F06B959}.DebugCore|x86.ActiveCfg = DebugCore|Win32
		{AFA459CE-5B69-4E0A-9991-29D13F06B959}.DebugCore|x86.Build.0 = DebugCore|Win32
		{AFA459CE-5B69-4E0A-9991-29D13F06B959}.Release|Any CPU.ActiveCfg = Release|Win32
		{AFA459CE-5B69-4E0A-9991-29D13F06B959}.Release|x64.ActiveCfg = Release|x64
		{AFA459CE-5B69-4E0A-9991-29D13F06B959}.Release|x64.Build.0 = Release|x64
		{AFA459CE-5B69-4E0A-9991-29D13F06B959}.Release|x86.ActiveCfg = Release|Win32
		{AFA459CE-5B69-4E0A-9991-29D13F06B959}.Release|x86.Build.0 = Release|Win32
		{C9FD2F31-4C7A-461C-9095-D9AD5090B09B}.Debug|Any CPU.ActiveCfg = Debug|Any CPU
		{C9FD2F31-4C7A-461C-9095-D9AD5090B09B}.Debug|Any CPU.Build.0 = Debug|Any CPU
		{C9FD2F31-4C7A-461C-9095-D9AD5090B09B}.Debug|x64.ActiveCfg = Debug|Any CPU
		{C9FD2F31-4C7A-461C-9095-D9AD5090B09B}.Debug|x64.Build.0 = Debug|Any CPU
		{C9FD2F31-4C7A-461C-9095-D9AD5090B09B}.Debug|x86.ActiveCfg = Debug|Any CPU
		{C9FD2F31-4C7A-461C-9095-D9AD5090B09B}.Debug|x86.Build.0 = Debug|Any CPU
		{C9FD2F31-4C7A-461C-9095-D9AD5090B09B}.DebugCore|Any CPU.ActiveCfg = Debug|Any CPU
		{C9FD2F31-4C7A-461C-9095-D9AD5090B09B}.DebugCore|Any CPU.Build.0 = Debug|Any CPU
		{C9FD2F31-4C7A-461C-9095-D9AD5090B09B}.DebugCore|x64.ActiveCfg = Debug|Any CPU
		{C9FD2F31-4C7A-461C-9095-D9AD5090B09B}.DebugCore|x64.Build.0 = Debug|Any CPU
		{C9FD2F31-4C7A-461C-9095-D9AD5090B09B}.DebugCore|x86.ActiveCfg = Debug|Any CPU
		{C9FD2F31-4C7A-461C-9095-D9AD5090B09B}.DebugCore|x86.Build.0 = Debug|Any CPU
		{C9FD2F31-4C7A-461C-9095-D9AD5090B09B}.Release|Any CPU.ActiveCfg = Release|Any CPU
		{C9FD2F31-4C7A-461C-9095-D9AD5090B09B}.Release|Any CPU.Build.0 = Release|Any CPU
		{C9FD2F31-4C7A-461C-9095-D9AD5090B09B}.Release|x64.ActiveCfg = Release|Any CPU
		{C9FD2F31-4C7A-461C-9095-D9AD5090B09B}.Release|x64.Build.0 = Release|Any CPU
		{C9FD2F31-4C7A-461C-9095-D9AD5090B09B}.Release|x86.ActiveCfg = Release|Any CPU
		{C9FD2F31-4C7A-461C-9095-D9AD5090B09B}.Release|x86.Build.0 = Release|Any CPU
		{FE79D521-A9B9-425C-84C6-2F89FD5A9879}.Debug|Any CPU.ActiveCfg = Debug|Any CPU
		{FE79D521-A9B9-425C-84C6-2F89FD5A9879}.Debug|Any CPU.Build.0 = Debug|Any CPU
		{FE79D521-A9B9-425C-84C6-2F89FD5A9879}.Debug|x64.ActiveCfg = Debug|Any CPU
		{FE79D521-A9B9-425C-84C6-2F89FD5A9879}.Debug|x64.Build.0 = Debug|Any CPU
		{FE79D521-A9B9-425C-84C6-2F89FD5A9879}.Debug|x86.ActiveCfg = Debug|Any CPU
		{FE79D521-A9B9-425C-84C6-2F89FD5A9879}.Debug|x86.Build.0 = Debug|Any CPU
		{FE79D521-A9B9-425C-84C6-2F89FD5A9879}.DebugCore|Any CPU.ActiveCfg = DebugCore|Any CPU
		{FE79D521-A9B9-425C-84C6-2F89FD5A9879}.DebugCore|Any CPU.Build.0 = DebugCore|Any CPU
		{FE79D521-A9B9-425C-84C6-2F89FD5A9879}.DebugCore|x64.ActiveCfg = DebugCore|Any CPU
		{FE79D521-A9B9-425C-84C6-2F89FD5A9879}.DebugCore|x64.Build.0 = DebugCore|Any CPU
		{FE79D521-A9B9-425C-84C6-2F89FD5A9879}.DebugCore|x86.ActiveCfg = DebugCore|Any CPU
		{FE79D521-A9B9-425C-84C6-2F89FD5A9879}.DebugCore|x86.Build.0 = DebugCore|Any CPU
		{FE79D521-A9B9-425C-84C6-2F89FD5A9879}.Release|Any CPU.ActiveCfg = Release|Any CPU
		{FE79D521-A9B9-425C-84C6-2F89FD5A9879}.Release|Any CPU.Build.0 = Release|Any CPU
		{FE79D521-A9B9-425C-84C6-2F89FD5A9879}.Release|x64.ActiveCfg = Release|Any CPU
		{FE79D521-A9B9-425C-84C6-2F89FD5A9879}.Release|x64.Build.0 = Release|Any CPU
		{FE79D521-A9B9-425C-84C6-2F89FD5A9879}.Release|x86.ActiveCfg = Release|Any CPU
		{FE79D521-A9B9-425C-84C6-2F89FD5A9879}.Release|x86.Build.0 = Release|Any CPU
		{6A67CA54-36BB-4973-8B44-1316B4D6B54B}.Debug|Any CPU.ActiveCfg = Debug|Any CPU
		{6A67CA54-36BB-4973-8B44-1316B4D6B54B}.Debug|Any CPU.Build.0 = Debug|Any CPU
		{6A67CA54-36BB-4973-8B44-1316B4D6B54B}.Debug|x64.ActiveCfg = Debug|Any CPU
		{6A67CA54-36BB-4973-8B44-1316B4D6B54B}.Debug|x64.Build.0 = Debug|Any CPU
		{6A67CA54-36BB-4973-8B44-1316B4D6B54B}.Debug|x86.ActiveCfg = Debug|Any CPU
		{6A67CA54-36BB-4973-8B44-1316B4D6B54B}.Debug|x86.Build.0 = Debug|Any CPU
		{6A67CA54-36BB-4973-8B44-1316B4D6B54B}.DebugCore|Any CPU.ActiveCfg = DebugCore|Any CPU
		{6A67CA54-36BB-4973-8B44-1316B4D6B54B}.DebugCore|Any CPU.Build.0 = DebugCore|Any CPU
		{6A67CA54-36BB-4973-8B44-1316B4D6B54B}.DebugCore|x64.ActiveCfg = DebugCore|Any CPU
		{6A67CA54-36BB-4973-8B44-1316B4D6B54B}.DebugCore|x64.Build.0 = DebugCore|Any CPU
		{6A67CA54-36BB-4973-8B44-1316B4D6B54B}.DebugCore|x86.ActiveCfg = DebugCore|Any CPU
		{6A67CA54-36BB-4973-8B44-1316B4D6B54B}.DebugCore|x86.Build.0 = DebugCore|Any CPU
		{6A67CA54-36BB-4973-8B44-1316B4D6B54B}.Release|Any CPU.ActiveCfg = Release|Any CPU
		{6A67CA54-36BB-4973-8B44-1316B4D6B54B}.Release|Any CPU.Build.0 = Release|Any CPU
		{6A67CA54-36BB-4973-8B44-1316B4D6B54B}.Release|x64.ActiveCfg = Release|Any CPU
		{6A67CA54-36BB-4973-8B44-1316B4D6B54B}.Release|x64.Build.0 = Release|Any CPU
		{6A67CA54-36BB-4973-8B44-1316B4D6B54B}.Release|x86.ActiveCfg = Release|Any CPU
		{6A67CA54-36BB-4973-8B44-1316B4D6B54B}.Release|x86.Build.0 = Release|Any CPU
		{19EC463E-A2C4-47C6-A0E6-BD0882E722B8}.Debug|Any CPU.ActiveCfg = Debug|Any CPU
		{19EC463E-A2C4-47C6-A0E6-BD0882E722B8}.Debug|Any CPU.Build.0 = Debug|Any CPU
		{19EC463E-A2C4-47C6-A0E6-BD0882E722B8}.Debug|x64.ActiveCfg = Debug|Any CPU
		{19EC463E-A2C4-47C6-A0E6-BD0882E722B8}.Debug|x64.Build.0 = Debug|Any CPU
		{19EC463E-A2C4-47C6-A0E6-BD0882E722B8}.Debug|x86.ActiveCfg = Debug|Any CPU
		{19EC463E-A2C4-47C6-A0E6-BD0882E722B8}.Debug|x86.Build.0 = Debug|Any CPU
		{19EC463E-A2C4-47C6-A0E6-BD0882E722B8}.DebugCore|Any CPU.ActiveCfg = Debug|Any CPU
		{19EC463E-A2C4-47C6-A0E6-BD0882E722B8}.DebugCore|Any CPU.Build.0 = Debug|Any CPU
		{19EC463E-A2C4-47C6-A0E6-BD0882E722B8}.DebugCore|x64.ActiveCfg = Debug|Any CPU
		{19EC463E-A2C4-47C6-A0E6-BD0882E722B8}.DebugCore|x64.Build.0 = Debug|Any CPU
		{19EC463E-A2C4-47C6-A0E6-BD0882E722B8}.DebugCore|x86.ActiveCfg = Debug|Any CPU
		{19EC463E-A2C4-47C6-A0E6-BD0882E722B8}.DebugCore|x86.Build.0 = Debug|Any CPU
		{19EC463E-A2C4-47C6-A0E6-BD0882E722B8}.Release|Any CPU.ActiveCfg = Release|Any CPU
		{19EC463E-A2C4-47C6-A0E6-BD0882E722B8}.Release|Any CPU.Build.0 = Release|Any CPU
		{19EC463E-A2C4-47C6-A0E6-BD0882E722B8}.Release|x64.ActiveCfg = Release|Any CPU
		{19EC463E-A2C4-47C6-A0E6-BD0882E722B8}.Release|x64.Build.0 = Release|Any CPU
		{19EC463E-A2C4-47C6-A0E6-BD0882E722B8}.Release|x86.ActiveCfg = Release|Any CPU
		{19EC463E-A2C4-47C6-A0E6-BD0882E722B8}.Release|x86.Build.0 = Release|Any CPU
		{257A17A7-E9DB-4D7B-8469-0B3AD9E91937}.Debug|Any CPU.ActiveCfg = Debug|Any CPU
		{257A17A7-E9DB-4D7B-8469-0B3AD9E91937}.Debug|Any CPU.Build.0 = Debug|Any CPU
		{257A17A7-E9DB-4D7B-8469-0B3AD9E91937}.Debug|x64.ActiveCfg = Debug|Any CPU
		{257A17A7-E9DB-4D7B-8469-0B3AD9E91937}.Debug|x64.Build.0 = Debug|Any CPU
		{257A17A7-E9DB-4D7B-8469-0B3AD9E91937}.Debug|x86.ActiveCfg = Debug|Any CPU
		{257A17A7-E9DB-4D7B-8469-0B3AD9E91937}.Debug|x86.Build.0 = Debug|Any CPU
		{257A17A7-E9DB-4D7B-8469-0B3AD9E91937}.DebugCore|Any CPU.ActiveCfg = Debug|Any CPU
		{257A17A7-E9DB-4D7B-8469-0B3AD9E91937}.DebugCore|Any CPU.Build.0 = Debug|Any CPU
		{257A17A7-E9DB-4D7B-8469-0B3AD9E91937}.DebugCore|x64.ActiveCfg = Debug|Any CPU
		{257A17A7-E9DB-4D7B-8469-0B3AD9E91937}.DebugCore|x64.Build.0 = Debug|Any CPU
		{257A17A7-E9DB-4D7B-8469-0B3AD9E91937}.DebugCore|x86.ActiveCfg = Debug|Any CPU
		{257A17A7-E9DB-4D7B-8469-0B3AD9E91937}.DebugCore|x86.Build.0 = Debug|Any CPU
		{257A17A7-E9DB-4D7B-8469-0B3AD9E91937}.Release|Any CPU.ActiveCfg = Release|Any CPU
		{257A17A7-E9DB-4D7B-8469-0B3AD9E91937}.Release|Any CPU.Build.0 = Release|Any CPU
		{257A17A7-E9DB-4D7B-8469-0B3AD9E91937}.Release|x64.ActiveCfg = Release|Any CPU
		{257A17A7-E9DB-4D7B-8469-0B3AD9E91937}.Release|x64.Build.0 = Release|Any CPU
		{257A17A7-E9DB-4D7B-8469-0B3AD9E91937}.Release|x86.ActiveCfg = Release|Any CPU
		{257A17A7-E9DB-4D7B-8469-0B3AD9E91937}.Release|x86.Build.0 = Release|Any CPU
		{6A09EBC4-CF6D-4BA5-8710-E3D4E7F46EA5}.Debug|Any CPU.ActiveCfg = Debug|Any CPU
		{6A09EBC4-CF6D-4BA5-8710-E3D4E7F46EA5}.Debug|Any CPU.Build.0 = Debug|Any CPU
		{6A09EBC4-CF6D-4BA5-8710-E3D4E7F46EA5}.Debug|x64.ActiveCfg = Debug|Any CPU
		{6A09EBC4-CF6D-4BA5-8710-E3D4E7F46EA5}.Debug|x64.Build.0 = Debug|Any CPU
		{6A09EBC4-CF6D-4BA5-8710-E3D4E7F46EA5}.Debug|x86.ActiveCfg = Debug|Any CPU
		{6A09EBC4-CF6D-4BA5-8710-E3D4E7F46EA5}.Debug|x86.Build.0 = Debug|Any CPU
		{6A09EBC4-CF6D-4BA5-8710-E3D4E7F46EA5}.DebugCore|Any CPU.ActiveCfg = Debug|Any CPU
		{6A09EBC4-CF6D-4BA5-8710-E3D4E7F46EA5}.DebugCore|Any CPU.Build.0 = Debug|Any CPU
		{6A09EBC4-CF6D-4BA5-8710-E3D4E7F46EA5}.DebugCore|x64.ActiveCfg = Debug|Any CPU
		{6A09EBC4-CF6D-4BA5-8710-E3D4E7F46EA5}.DebugCore|x64.Build.0 = Debug|Any CPU
		{6A09EBC4-CF6D-4BA5-8710-E3D4E7F46EA5}.DebugCore|x86.ActiveCfg = Debug|Any CPU
		{6A09EBC4-CF6D-4BA5-8710-E3D4E7F46EA5}.DebugCore|x86.Build.0 = Debug|Any CPU
		{6A09EBC4-CF6D-4BA5-8710-E3D4E7F46EA5}.Release|Any CPU.ActiveCfg = Release|Any CPU
		{6A09EBC4-CF6D-4BA5-8710-E3D4E7F46EA5}.Release|Any CPU.Build.0 = Release|Any CPU
		{6A09EBC4-CF6D-4BA5-8710-E3D4E7F46EA5}.Release|x64.ActiveCfg = Release|Any CPU
		{6A09EBC4-CF6D-4BA5-8710-E3D4E7F46EA5}.Release|x64.Build.0 = Release|Any CPU
		{6A09EBC4-CF6D-4BA5-8710-E3D4E7F46EA5}.Release|x86.ActiveCfg = Release|Any CPU
		{6A09EBC4-CF6D-4BA5-8710-E3D4E7F46EA5}.Release|x86.Build.0 = Release|Any CPU
		{0BD1BAED-AA59-4707-8DE5-BDDE4C28E3B2}.Debug|Any CPU.ActiveCfg = Debug|Any CPU
		{0BD1BAED-AA59-4707-8DE5-BDDE4C28E3B2}.Debug|Any CPU.Build.0 = Debug|Any CPU
		{0BD1BAED-AA59-4707-8DE5-BDDE4C28E3B2}.Debug|x64.ActiveCfg = Debug|Any CPU
		{0BD1BAED-AA59-4707-8DE5-BDDE4C28E3B2}.Debug|x64.Build.0 = Debug|Any CPU
		{0BD1BAED-AA59-4707-8DE5-BDDE4C28E3B2}.Debug|x86.ActiveCfg = Debug|Any CPU
		{0BD1BAED-AA59-4707-8DE5-BDDE4C28E3B2}.Debug|x86.Build.0 = Debug|Any CPU
		{0BD1BAED-AA59-4707-8DE5-BDDE4C28E3B2}.DebugCore|Any CPU.ActiveCfg = Debug|Any CPU
		{0BD1BAED-AA59-4707-8DE5-BDDE4C28E3B2}.DebugCore|Any CPU.Build.0 = Debug|Any CPU
		{0BD1BAED-AA59-4707-8DE5-BDDE4C28E3B2}.DebugCore|x64.ActiveCfg = Debug|Any CPU
		{0BD1BAED-AA59-4707-8DE5-BDDE4C28E3B2}.DebugCore|x64.Build.0 = Debug|Any CPU
		{0BD1BAED-AA59-4707-8DE5-BDDE4C28E3B2}.DebugCore|x86.ActiveCfg = Debug|Any CPU
		{0BD1BAED-AA59-4707-8DE5-BDDE4C28E3B2}.DebugCore|x86.Build.0 = Debug|Any CPU
		{0BD1BAED-AA59-4707-8DE5-BDDE4C28E3B2}.Release|Any CPU.ActiveCfg = Release|Any CPU
		{0BD1BAED-AA59-4707-8DE5-BDDE4C28E3B2}.Release|Any CPU.Build.0 = Release|Any CPU
		{0BD1BAED-AA59-4707-8DE5-BDDE4C28E3B2}.Release|x64.ActiveCfg = Release|Any CPU
		{0BD1BAED-AA59-4707-8DE5-BDDE4C28E3B2}.Release|x64.Build.0 = Release|Any CPU
		{0BD1BAED-AA59-4707-8DE5-BDDE4C28E3B2}.Release|x86.ActiveCfg = Release|Any CPU
		{0BD1BAED-AA59-4707-8DE5-BDDE4C28E3B2}.Release|x86.Build.0 = Release|Any CPU
		{C7375E51-CB93-4405-B82A-64508ED2959C}.Debug|Any CPU.ActiveCfg = Debug|Any CPU
		{C7375E51-CB93-4405-B82A-64508ED2959C}.Debug|Any CPU.Build.0 = Debug|Any CPU
		{C7375E51-CB93-4405-B82A-64508ED2959C}.Debug|x64.ActiveCfg = Debug|Any CPU
		{C7375E51-CB93-4405-B82A-64508ED2959C}.Debug|x64.Build.0 = Debug|Any CPU
		{C7375E51-CB93-4405-B82A-64508ED2959C}.Debug|x86.ActiveCfg = Debug|Any CPU
		{C7375E51-CB93-4405-B82A-64508ED2959C}.Debug|x86.Build.0 = Debug|Any CPU
		{C7375E51-CB93-4405-B82A-64508ED2959C}.DebugCore|Any CPU.ActiveCfg = Debug|Any CPU
		{C7375E51-CB93-4405-B82A-64508ED2959C}.DebugCore|Any CPU.Build.0 = Debug|Any CPU
		{C7375E51-CB93-4405-B82A-64508ED2959C}.DebugCore|x64.ActiveCfg = Debug|Any CPU
		{C7375E51-CB93-4405-B82A-64508ED2959C}.DebugCore|x64.Build.0 = Debug|Any CPU
		{C7375E51-CB93-4405-B82A-64508ED2959C}.DebugCore|x86.ActiveCfg = Debug|Any CPU
		{C7375E51-CB93-4405-B82A-64508ED2959C}.DebugCore|x86.Build.0 = Debug|Any CPU
		{C7375E51-CB93-4405-B82A-64508ED2959C}.Release|Any CPU.ActiveCfg = Release|Any CPU
		{C7375E51-CB93-4405-B82A-64508ED2959C}.Release|Any CPU.Build.0 = Release|Any CPU
		{C7375E51-CB93-4405-B82A-64508ED2959C}.Release|x64.ActiveCfg = Release|Any CPU
		{C7375E51-CB93-4405-B82A-64508ED2959C}.Release|x64.Build.0 = Release|Any CPU
		{C7375E51-CB93-4405-B82A-64508ED2959C}.Release|x86.ActiveCfg = Release|Any CPU
		{C7375E51-CB93-4405-B82A-64508ED2959C}.Release|x86.Build.0 = Release|Any CPU
		{B6D55159-0ED4-41C6-94AE-8F1EB2B3B9F3}.Debug|Any CPU.ActiveCfg = Debug|Any CPU
		{B6D55159-0ED4-41C6-94AE-8F1EB2B3B9F3}.Debug|Any CPU.Build.0 = Debug|Any CPU
		{B6D55159-0ED4-41C6-94AE-8F1EB2B3B9F3}.Debug|x64.ActiveCfg = Debug|Any CPU
		{B6D55159-0ED4-41C6-94AE-8F1EB2B3B9F3}.Debug|x64.Build.0 = Debug|Any CPU
		{B6D55159-0ED4-41C6-94AE-8F1EB2B3B9F3}.Debug|x86.ActiveCfg = Debug|Any CPU
		{B6D55159-0ED4-41C6-94AE-8F1EB2B3B9F3}.Debug|x86.Build.0 = Debug|Any CPU
		{B6D55159-0ED4-41C6-94AE-8F1EB2B3B9F3}.DebugCore|Any CPU.ActiveCfg = Debug|Any CPU
		{B6D55159-0ED4-41C6-94AE-8F1EB2B3B9F3}.DebugCore|Any CPU.Build.0 = Debug|Any CPU
		{B6D55159-0ED4-41C6-94AE-8F1EB2B3B9F3}.DebugCore|x64.ActiveCfg = Debug|Any CPU
		{B6D55159-0ED4-41C6-94AE-8F1EB2B3B9F3}.DebugCore|x64.Build.0 = Debug|Any CPU
		{B6D55159-0ED4-41C6-94AE-8F1EB2B3B9F3}.DebugCore|x86.ActiveCfg = Debug|Any CPU
		{B6D55159-0ED4-41C6-94AE-8F1EB2B3B9F3}.DebugCore|x86.Build.0 = Debug|Any CPU
		{B6D55159-0ED4-41C6-94AE-8F1EB2B3B9F3}.Release|Any CPU.ActiveCfg = Release|Any CPU
		{B6D55159-0ED4-41C6-94AE-8F1EB2B3B9F3}.Release|Any CPU.Build.0 = Release|Any CPU
		{B6D55159-0ED4-41C6-94AE-8F1EB2B3B9F3}.Release|x64.ActiveCfg = Release|Any CPU
		{B6D55159-0ED4-41C6-94AE-8F1EB2B3B9F3}.Release|x64.Build.0 = Release|Any CPU
		{B6D55159-0ED4-41C6-94AE-8F1EB2B3B9F3}.Release|x86.ActiveCfg = Release|Any CPU
		{B6D55159-0ED4-41C6-94AE-8F1EB2B3B9F3}.Release|x86.Build.0 = Release|Any CPU
		{0A56220E-0453-4161-A240-61692903DAF6}.Debug|Any CPU.ActiveCfg = Debug|Any CPU
		{0A56220E-0453-4161-A240-61692903DAF6}.Debug|Any CPU.Build.0 = Debug|Any CPU
		{0A56220E-0453-4161-A240-61692903DAF6}.Debug|x64.ActiveCfg = Debug|Any CPU
		{0A56220E-0453-4161-A240-61692903DAF6}.Debug|x64.Build.0 = Debug|Any CPU
		{0A56220E-0453-4161-A240-61692903DAF6}.Debug|x86.ActiveCfg = Debug|Any CPU
		{0A56220E-0453-4161-A240-61692903DAF6}.Debug|x86.Build.0 = Debug|Any CPU
		{0A56220E-0453-4161-A240-61692903DAF6}.DebugCore|Any CPU.ActiveCfg = Debug|Any CPU
		{0A56220E-0453-4161-A240-61692903DAF6}.DebugCore|Any CPU.Build.0 = Debug|Any CPU
		{0A56220E-0453-4161-A240-61692903DAF6}.DebugCore|x64.ActiveCfg = Debug|Any CPU
		{0A56220E-0453-4161-A240-61692903DAF6}.DebugCore|x64.Build.0 = Debug|Any CPU
		{0A56220E-0453-4161-A240-61692903DAF6}.DebugCore|x86.ActiveCfg = Debug|Any CPU
		{0A56220E-0453-4161-A240-61692903DAF6}.DebugCore|x86.Build.0 = Debug|Any CPU
		{0A56220E-0453-4161-A240-61692903DAF6}.Release|Any CPU.ActiveCfg = Release|Any CPU
		{0A56220E-0453-4161-A240-61692903DAF6}.Release|Any CPU.Build.0 = Release|Any CPU
		{0A56220E-0453-4161-A240-61692903DAF6}.Release|x64.ActiveCfg = Release|Any CPU
		{0A56220E-0453-4161-A240-61692903DAF6}.Release|x64.Build.0 = Release|Any CPU
		{0A56220E-0453-4161-A240-61692903DAF6}.Release|x86.ActiveCfg = Release|Any CPU
		{0A56220E-0453-4161-A240-61692903DAF6}.Release|x86.Build.0 = Release|Any CPU
		{841006D0-E2E4-454C-8333-7F4A1C62FED1}.Debug|Any CPU.ActiveCfg = Debug|Any CPU
		{841006D0-E2E4-454C-8333-7F4A1C62FED1}.Debug|Any CPU.Build.0 = Debug|Any CPU
		{841006D0-E2E4-454C-8333-7F4A1C62FED1}.Debug|x64.ActiveCfg = Debug|Any CPU
		{841006D0-E2E4-454C-8333-7F4A1C62FED1}.Debug|x64.Build.0 = Debug|Any CPU
		{841006D0-E2E4-454C-8333-7F4A1C62FED1}.Debug|x86.ActiveCfg = Debug|Any CPU
		{841006D0-E2E4-454C-8333-7F4A1C62FED1}.Debug|x86.Build.0 = Debug|Any CPU
		{841006D0-E2E4-454C-8333-7F4A1C62FED1}.DebugCore|Any CPU.ActiveCfg = Debug|Any CPU
		{841006D0-E2E4-454C-8333-7F4A1C62FED1}.DebugCore|Any CPU.Build.0 = Debug|Any CPU
		{841006D0-E2E4-454C-8333-7F4A1C62FED1}.DebugCore|x64.ActiveCfg = Debug|Any CPU
		{841006D0-E2E4-454C-8333-7F4A1C62FED1}.DebugCore|x64.Build.0 = Debug|Any CPU
		{841006D0-E2E4-454C-8333-7F4A1C62FED1}.DebugCore|x86.ActiveCfg = Debug|Any CPU
		{841006D0-E2E4-454C-8333-7F4A1C62FED1}.DebugCore|x86.Build.0 = Debug|Any CPU
		{841006D0-E2E4-454C-8333-7F4A1C62FED1}.Release|Any CPU.ActiveCfg = Release|Any CPU
		{841006D0-E2E4-454C-8333-7F4A1C62FED1}.Release|Any CPU.Build.0 = Release|Any CPU
		{841006D0-E2E4-454C-8333-7F4A1C62FED1}.Release|x64.ActiveCfg = Release|Any CPU
		{841006D0-E2E4-454C-8333-7F4A1C62FED1}.Release|x64.Build.0 = Release|Any CPU
		{841006D0-E2E4-454C-8333-7F4A1C62FED1}.Release|x86.ActiveCfg = Release|Any CPU
		{841006D0-E2E4-454C-8333-7F4A1C62FED1}.Release|x86.Build.0 = Release|Any CPU
		{76CC2C4F-12F3-4DD5-9ABB-8903A4954FD5}.Debug|Any CPU.ActiveCfg = Debug|Any CPU
		{76CC2C4F-12F3-4DD5-9ABB-8903A4954FD5}.Debug|Any CPU.Build.0 = Debug|Any CPU
		{76CC2C4F-12F3-4DD5-9ABB-8903A4954FD5}.Debug|x64.ActiveCfg = Debug|Any CPU
		{76CC2C4F-12F3-4DD5-9ABB-8903A4954FD5}.Debug|x64.Build.0 = Debug|Any CPU
		{76CC2C4F-12F3-4DD5-9ABB-8903A4954FD5}.Debug|x86.ActiveCfg = Debug|Any CPU
		{76CC2C4F-12F3-4DD5-9ABB-8903A4954FD5}.Debug|x86.Build.0 = Debug|Any CPU
		{76CC2C4F-12F3-4DD5-9ABB-8903A4954FD5}.DebugCore|Any CPU.ActiveCfg = Debug|Any CPU
		{76CC2C4F-12F3-4DD5-9ABB-8903A4954FD5}.DebugCore|Any CPU.Build.0 = Debug|Any CPU
		{76CC2C4F-12F3-4DD5-9ABB-8903A4954FD5}.DebugCore|x64.ActiveCfg = Debug|Any CPU
		{76CC2C4F-12F3-4DD5-9ABB-8903A4954FD5}.DebugCore|x64.Build.0 = Debug|Any CPU
		{76CC2C4F-12F3-4DD5-9ABB-8903A4954FD5}.DebugCore|x86.ActiveCfg = Debug|Any CPU
		{76CC2C4F-12F3-4DD5-9ABB-8903A4954FD5}.DebugCore|x86.Build.0 = Debug|Any CPU
		{76CC2C4F-12F3-4DD5-9ABB-8903A4954FD5}.Release|Any CPU.ActiveCfg = Release|Any CPU
		{76CC2C4F-12F3-4DD5-9ABB-8903A4954FD5}.Release|Any CPU.Build.0 = Release|Any CPU
		{76CC2C4F-12F3-4DD5-9ABB-8903A4954FD5}.Release|x64.ActiveCfg = Release|Any CPU
		{76CC2C4F-12F3-4DD5-9ABB-8903A4954FD5}.Release|x64.Build.0 = Release|Any CPU
		{76CC2C4F-12F3-4DD5-9ABB-8903A4954FD5}.Release|x86.ActiveCfg = Release|Any CPU
		{76CC2C4F-12F3-4DD5-9ABB-8903A4954FD5}.Release|x86.Build.0 = Release|Any CPU
		{201139EF-1B05-4352-8416-4B26A899DF98}.Debug|Any CPU.ActiveCfg = Debug|Any CPU
		{201139EF-1B05-4352-8416-4B26A899DF98}.Debug|Any CPU.Build.0 = Debug|Any CPU
		{201139EF-1B05-4352-8416-4B26A899DF98}.Debug|x64.ActiveCfg = Debug|Any CPU
		{201139EF-1B05-4352-8416-4B26A899DF98}.Debug|x64.Build.0 = Debug|Any CPU
		{201139EF-1B05-4352-8416-4B26A899DF98}.Debug|x86.ActiveCfg = Debug|Any CPU
		{201139EF-1B05-4352-8416-4B26A899DF98}.Debug|x86.Build.0 = Debug|Any CPU
		{201139EF-1B05-4352-8416-4B26A899DF98}.DebugCore|Any CPU.ActiveCfg = Debug|Any CPU
		{201139EF-1B05-4352-8416-4B26A899DF98}.DebugCore|Any CPU.Build.0 = Debug|Any CPU
		{201139EF-1B05-4352-8416-4B26A899DF98}.DebugCore|x64.ActiveCfg = Debug|Any CPU
		{201139EF-1B05-4352-8416-4B26A899DF98}.DebugCore|x64.Build.0 = Debug|Any CPU
		{201139EF-1B05-4352-8416-4B26A899DF98}.DebugCore|x86.ActiveCfg = Debug|Any CPU
		{201139EF-1B05-4352-8416-4B26A899DF98}.DebugCore|x86.Build.0 = Debug|Any CPU
		{201139EF-1B05-4352-8416-4B26A899DF98}.Release|Any CPU.ActiveCfg = Release|Any CPU
		{201139EF-1B05-4352-8416-4B26A899DF98}.Release|Any CPU.Build.0 = Release|Any CPU
		{201139EF-1B05-4352-8416-4B26A899DF98}.Release|x64.ActiveCfg = Release|Any CPU
		{201139EF-1B05-4352-8416-4B26A899DF98}.Release|x64.Build.0 = Release|Any CPU
		{201139EF-1B05-4352-8416-4B26A899DF98}.Release|x86.ActiveCfg = Release|Any CPU
		{201139EF-1B05-4352-8416-4B26A899DF98}.Release|x86.Build.0 = Release|Any CPU
		{2A129AFB-249D-4D4C-8D7C-11BF64484573}.Debug|Any CPU.ActiveCfg = Debug|Any CPU
		{2A129AFB-249D-4D4C-8D7C-11BF64484573}.Debug|Any CPU.Build.0 = Debug|Any CPU
		{2A129AFB-249D-4D4C-8D7C-11BF64484573}.Debug|x64.ActiveCfg = Debug|Any CPU
		{2A129AFB-249D-4D4C-8D7C-11BF64484573}.Debug|x64.Build.0 = Debug|Any CPU
		{2A129AFB-249D-4D4C-8D7C-11BF64484573}.Debug|x86.ActiveCfg = Debug|Any CPU
		{2A129AFB-249D-4D4C-8D7C-11BF64484573}.Debug|x86.Build.0 = Debug|Any CPU
		{2A129AFB-249D-4D4C-8D7C-11BF64484573}.DebugCore|Any CPU.ActiveCfg = Debug|Any CPU
		{2A129AFB-249D-4D4C-8D7C-11BF64484573}.DebugCore|Any CPU.Build.0 = Debug|Any CPU
		{2A129AFB-249D-4D4C-8D7C-11BF64484573}.DebugCore|x64.ActiveCfg = Debug|Any CPU
		{2A129AFB-249D-4D4C-8D7C-11BF64484573}.DebugCore|x64.Build.0 = Debug|Any CPU
		{2A129AFB-249D-4D4C-8D7C-11BF64484573}.DebugCore|x86.ActiveCfg = Debug|Any CPU
		{2A129AFB-249D-4D4C-8D7C-11BF64484573}.DebugCore|x86.Build.0 = Debug|Any CPU
		{2A129AFB-249D-4D4C-8D7C-11BF64484573}.Release|Any CPU.ActiveCfg = Release|Any CPU
		{2A129AFB-249D-4D4C-8D7C-11BF64484573}.Release|Any CPU.Build.0 = Release|Any CPU
		{2A129AFB-249D-4D4C-8D7C-11BF64484573}.Release|x64.ActiveCfg = Release|Any CPU
		{2A129AFB-249D-4D4C-8D7C-11BF64484573}.Release|x64.Build.0 = Release|Any CPU
		{2A129AFB-249D-4D4C-8D7C-11BF64484573}.Release|x86.ActiveCfg = Release|Any CPU
		{2A129AFB-249D-4D4C-8D7C-11BF64484573}.Release|x86.Build.0 = Release|Any CPU
	EndGlobalSection
	GlobalSection(SolutionProperties) = preSolution
		HideSolutionNode = FALSE
	EndGlobalSection
	GlobalSection(NestedProjects) = preSolution
		{19EC463E-A2C4-47C6-A0E6-BD0882E722B8} = {80D609BF-AE55-4880-9836-E3DD2BA26253}
		{257A17A7-E9DB-4D7B-8469-0B3AD9E91937} = {80D609BF-AE55-4880-9836-E3DD2BA26253}
		{6A09EBC4-CF6D-4BA5-8710-E3D4E7F46EA5} = {80D609BF-AE55-4880-9836-E3DD2BA26253}
		{0BD1BAED-AA59-4707-8DE5-BDDE4C28E3B2} = {DD6A41C8-C1EB-4062-83C1-96C9D7955DC8}
		{C7375E51-CB93-4405-B82A-64508ED2959C} = {80D609BF-AE55-4880-9836-E3DD2BA26253}
		{B6D55159-0ED4-41C6-94AE-8F1EB2B3B9F3} = {80D609BF-AE55-4880-9836-E3DD2BA26253}
		{0A56220E-0453-4161-A240-61692903DAF6} = {D8951F1B-B79D-4985-96E8-0107B3A094F7}
		{14FB3CBE-954C-4B1A-BF14-C4F9376E0900} = {E74582AE-B8A5-4EB8-9C36-E877E3E07167}
		{76CC2C4F-12F3-4DD5-9ABB-8903A4954FD5} = {B23D9C3B-879E-4B27-9468-5A116D743A08}
		{201139EF-1B05-4352-8416-4B26A899DF98} = {D8951F1B-B79D-4985-96E8-0107B3A094F7}
		{2A129AFB-249D-4D4C-8D7C-11BF64484573} = {DD6A41C8-C1EB-4062-83C1-96C9D7955DC8}
	EndGlobalSection
	GlobalSection(ExtensibilityGlobals) = postSolution
		SolutionGuid = {DD936702-8420-428D-BEB2-CF750CE8A7D0}
	EndGlobalSection
EndGlobal
